// !$*UTF8*$!
{
	archiveVersion = 1;
	classes = {
	};
	objectVersion = 46;
	objects = {

/* Begin PBXBuildFile section */
		5803E05D1CFFD2FD002898AA /* main.m in Sources */ = {isa = PBXBuildFile; fileRef = 5803E05C1CFFD2FD002898AA /* main.m */; };
		5803E0601CFFD2FD002898AA /* AppDelegate.m in Sources */ = {isa = PBXBuildFile; fileRef = 5803E05F1CFFD2FD002898AA /* AppDelegate.m */; };
		5803E0631CFFD2FD002898AA /* ViewController.m in Sources */ = {isa = PBXBuildFile; fileRef = 5803E0621CFFD2FD002898AA /* ViewController.m */; };
		5803E0681CFFD2FD002898AA /* Assets.xcassets in Resources */ = {isa = PBXBuildFile; fileRef = 5803E0671CFFD2FD002898AA /* Assets.xcassets */; };
		5803E06B1CFFD2FD002898AA /* LaunchScreen.storyboard in Resources */ = {isa = PBXBuildFile; fileRef = 5803E0691CFFD2FD002898AA /* LaunchScreen.storyboard */; };
		5803E0741CFFD44D002898AA /* MyItem.m in Sources */ = {isa = PBXBuildFile; fileRef = 5803E0731CFFD44D002898AA /* MyItem.m */; };
		5803E0771CFFDF9D002898AA /* TableViewCell.m in Sources */ = {isa = PBXBuildFile; fileRef = 5803E0761CFFDF9D002898AA /* TableViewCell.m */; };
		5803E07A1CFFE3A2002898AA /* MenuData.m in Sources */ = {isa = PBXBuildFile; fileRef = 5803E0791CFFE3A2002898AA /* MenuData.m */; };
/* End PBXBuildFile section */

/* Begin PBXFileReference section */
		5803E0581CFFD2FD002898AA /* DYHMultiLevelMenu.app */ = {isa = PBXFileReference; explicitFileType = wrapper.application; includeInIndex = 0; path = DYHMultiLevelMenu.app; sourceTree = BUILT_PRODUCTS_DIR; };
		5803E05C1CFFD2FD002898AA /* main.m */ = {isa = PBXFileReference; lastKnownFileType = sourcecode.c.objc; path = main.m; sourceTree = "<group>"; };
		5803E05E1CFFD2FD002898AA /* AppDelegate.h */ = {isa = PBXFileReference; lastKnownFileType = sourcecode.c.h; path = AppDelegate.h; sourceTree = "<group>"; };
		5803E05F1CFFD2FD002898AA /* AppDelegate.m */ = {isa = PBXFileReference; lastKnownFileType = sourcecode.c.objc; path = AppDelegate.m; sourceTree = "<group>"; };
		5803E0611CFFD2FD002898AA /* ViewController.h */ = {isa = PBXFileReference; lastKnownFileType = sourcecode.c.h; path = ViewController.h; sourceTree = "<group>"; };
		5803E0621CFFD2FD002898AA /* ViewController.m */ = {isa = PBXFileReference; lastKnownFileType = sourcecode.c.objc; path = ViewController.m; sourceTree = "<group>"; };
		5803E0671CFFD2FD002898AA /* Assets.xcassets */ = {isa = PBXFileReference; lastKnownFileType = folder.assetcatalog; path = Assets.xcassets; sourceTree = "<group>"; };
		5803E06A1CFFD2FD002898AA /* Base */ = {isa = PBXFileReference; lastKnownFileType = file.storyboard; name = Base; path = Base.lproj/LaunchScreen.storyboard; sourceTree = "<group>"; };
		5803E06C1CFFD2FD002898AA /* Info.plist */ = {isa = PBXFileReference; lastKnownFileType = text.plist.xml; path = Info.plist; sourceTree = "<group>"; };
		5803E0721CFFD44D002898AA /* MyItem.h */ = {isa = PBXFileReference; fileEncoding = 4; lastKnownFileType = sourcecode.c.h; path = MyItem.h; sourceTree = "<group>"; };
		5803E0731CFFD44D002898AA /* MyItem.m */ = {isa = PBXFileReference; fileEncoding = 4; lastKnownFileType = sourcecode.c.objc; path = MyItem.m; sourceTree = "<group>"; };
		5803E0751CFFDF9D002898AA /* TableViewCell.h */ = {isa = PBXFileReference; fileEncoding = 4; lastKnownFileType = sourcecode.c.h; path = TableViewCell.h; sourceTree = "<group>"; };
		5803E0761CFFDF9D002898AA /* TableViewCell.m */ = {isa = PBXFileReference; fileEncoding = 4; lastKnownFileType = sourcecode.c.objc; path = TableViewCell.m; sourceTree = "<group>"; };
		5803E0781CFFE3A2002898AA /* MenuData.h */ = {isa = PBXFileReference; fileEncoding = 4; lastKnownFileType = sourcecode.c.h; path = MenuData.h; sourceTree = "<group>"; };
		5803E0791CFFE3A2002898AA /* MenuData.m */ = {isa = PBXFileReference; fileEncoding = 4; lastKnownFileType = sourcecode.c.objc; path = MenuData.m; sourceTree = "<group>"; };
/* End PBXFileReference section */

/* Begin PBXFrameworksBuildPhase section */
		5803E0551CFFD2FD002898AA /* Frameworks */ = {
			isa = PBXFrameworksBuildPhase;
			buildActionMask = 2147483647;
			files = (
			);
			runOnlyForDeploymentPostprocessing = 0;
		};
/* End PBXFrameworksBuildPhase section */

/* Begin PBXGroup section */
		5803E04F1CFFD2FD002898AA = {
			isa = PBXGroup;
			children = (
				5803E05A1CFFD2FD002898AA /* DYHMultiLevelMenu */,
				5803E0591CFFD2FD002898AA /* Products */,
			);
			sourceTree = "<group>";
		};
		5803E0591CFFD2FD002898AA /* Products */ = {
			isa = PBXGroup;
			children = (
				5803E0581CFFD2FD002898AA /* DYHMultiLevelMenu.app */,
			);
			name = Products;
			sourceTree = "<group>";
		};
		5803E05A1CFFD2FD002898AA /* DYHMultiLevelMenu */ = {
			isa = PBXGroup;
			children = (
				5803E05E1CFFD2FD002898AA /* AppDelegate.h */,
				5803E05F1CFFD2FD002898AA /* AppDelegate.m */,
				5803E0611CFFD2FD002898AA /* ViewController.h */,
				5803E0621CFFD2FD002898AA /* ViewController.m */,
				5803E0721CFFD44D002898AA /* MyItem.h */,
				5803E0731CFFD44D002898AA /* MyItem.m */,
				5803E0781CFFE3A2002898AA /* MenuData.h */,
				5803E0791CFFE3A2002898AA /* MenuData.m */,
				5803E0751CFFDF9D002898AA /* TableViewCell.h */,
				5803E0761CFFDF9D002898AA /* TableViewCell.m */,
				5803E0671CFFD2FD002898AA /* Assets.xcassets */,
				5803E0691CFFD2FD002898AA /* LaunchScreen.storyboard */,
				5803E06C1CFFD2FD002898AA /* Info.plist */,
				5803E05B1CFFD2FD002898AA /* Supporting Files */,
			);
			path = DYHMultiLevelMenu;
			sourceTree = "<group>";
		};
		5803E05B1CFFD2FD002898AA /* Supporting Files */ = {
			isa = PBXGroup;
			children = (
				5803E05C1CFFD2FD002898AA /* main.m */,
			);
			name = "Supporting Files";
			sourceTree = "<group>";
		};
/* End PBXGroup section */

/* Begin PBXNativeTarget section */
		5803E0571CFFD2FD002898AA /* DYHMultiLevelMenu */ = {
			isa = PBXNativeTarget;
			buildConfigurationList = 5803E06F1CFFD2FD002898AA /* Build configuration list for PBXNativeTarget "DYHMultiLevelMenu" */;
			buildPhases = (
				5803E0541CFFD2FD002898AA /* Sources */,
				5803E0551CFFD2FD002898AA /* Frameworks */,
				5803E0561CFFD2FD002898AA /* Resources */,
			);
			buildRules = (
			);
			dependencies = (
			);
			name = DYHMultiLevelMenu;
			productName = DYHMultiLevelMenu;
			productReference = 5803E0581CFFD2FD002898AA /* DYHMultiLevelMenu.app */;
			productType = "com.apple.product-type.application";
		};
/* End PBXNativeTarget section */

/* Begin PBXProject section */
		5803E0501CFFD2FD002898AA /* Project object */ = {
			isa = PBXProject;
			attributes = {
				LastUpgradeCheck = 0730;
				ORGANIZATIONNAME = LeapDing;
				TargetAttributes = {
					5803E0571CFFD2FD002898AA = {
						CreatedOnToolsVersion = 7.3.1;
					};
				};
			};
			buildConfigurationList = 5803E0531CFFD2FD002898AA /* Build configuration list for PBXProject "DYHMultiLevelMenu" */;
			compatibilityVersion = "Xcode 3.2";
			developmentRegion = English;
			hasScannedForEncodings = 0;
			knownRegions = (
				en,
				Base,
			);
			mainGroup = 5803E04F1CFFD2FD002898AA;
			productRefGroup = 5803E0591CFFD2FD002898AA /* Products */;
			projectDirPath = "";
			projectRoot = "";
			targets = (
				5803E0571CFFD2FD002898AA /* DYHMultiLevelMenu */,
			);
		};
/* End PBXProject section */

/* Begin PBXResourcesBuildPhase section */
		5803E0561CFFD2FD002898AA /* Resources */ = {
			isa = PBXResourcesBuildPhase;
			buildActionMask = 2147483647;
			files = (
				5803E06B1CFFD2FD002898AA /* LaunchScreen.storyboard in Resources */,
				5803E0681CFFD2FD002898AA /* Assets.xcassets in Resources */,
			);
			runOnlyForDeploymentPostprocessing = 0;
		};
/* End PBXResourcesBuildPhase section */

/* Begin PBXSourcesBuildPhase section */
		5803E0541CFFD2FD002898AA /* Sources */ = {
			isa = PBXSourcesBuildPhase;
			buildActionMask = 2147483647;
			files = (
				5803E0741CFFD44D002898AA /* MyItem.m in Sources */,
				5803E0631CFFD2FD002898AA /* ViewController.m in Sources */,
				5803E07A1CFFE3A2002898AA /* MenuData.m in Sources */,
				5803E0601CFFD2FD002898AA /* AppDelegate.m in Sources */,
				5803E0771CFFDF9D002898AA /* TableViewCell.m in Sources */,
				5803E05D1CFFD2FD002898AA /* main.m in Sources */,
			);
			runOnlyForDeploymentPostprocessing = 0;
		};
/* End PBXSourcesBuildPhase section */

/* Begin PBXVariantGroup section */
		5803E0691CFFD2FD002898AA /* LaunchScreen.storyboard */ = {
			isa = PBXVariantGroup;
			children = (
				5803E06A1CFFD2FD002898AA /* Base */,
			);
			name = LaunchScreen.storyboard;
			sourceTree = "<group>";
		};
/* End PBXVariantGroup section */

/* Begin XCBuildConfiguration section */
		5803E06D1CFFD2FD002898AA /* Debug */ = {
			isa = XCBuildConfiguration;
			buildSettings = {
				ALWAYS_SEARCH_USER_PATHS = NO;
				CLANG_ANALYZER_NONNULL = YES;
				CLANG_CXX_LANGUAGE_STANDARD = "gnu++0x";
				CLANG_CXX_LIBRARY = "libc++";
				CLANG_ENABLE_MODULES = YES;
				CLANG_ENABLE_OBJC_ARC = YES;
				CLANG_WARN_BOOL_CONVERSION = YES;
				CLANG_WARN_CONSTANT_CONVERSION = YES;
				CLANG_WARN_DIRECT_OBJC_ISA_USAGE = YES_ERROR;
				CLANG_WARN_EMPTY_BODY = YES;
				CLANG_WARN_ENUM_CONVERSION = YES;
				CLANG_WARN_INT_CONVERSION = YES;
				CLANG_WARN_OBJC_ROOT_CLASS = YES_ERROR;
				CLANG_WARN_UNREACHABLE_CODE = YES;
				CLANG_WARN__DUPLICATE_METHOD_MATCH = YES;
				"CODE_SIGN_IDENTITY[sdk=iphoneos*]" = "iPhone Developer";
				COPY_PHASE_STRIP = NO;
				DEBUG_INFORMATION_FORMAT = dwarf;
				ENABLE_STRICT_OBJC_MSGSEND = YES;
				ENABLE_TESTABILITY = YES;
				GCC_C_LANGUAGE_STANDARD = gnu99;
				GCC_DYNAMIC_NO_PIC = NO;
				GCC_NO_COMMON_BLOCKS = YES;
				GCC_OPTIMIZATION_LEVEL = 0;
				GCC_PREPROCESSOR_DEFINITIONS = (
					"DEBUG=1",
					"$(inherited)",
				);
				GCC_WARN_64_TO_32_BIT_CONVERSION = YES;
				GCC_WARN_ABOUT_RETURN_TYPE = YES_ERROR;
				GCC_WARN_UNDECLARED_SELECTOR = YES;
				GCC_WARN_UNINITIALIZED_AUTOS = YES_AGGRESSIVE;
				GCC_WARN_UNUSED_FUNCTION = YES;
				GCC_WARN_UNUSED_VARIABLE = YES;
				IPHONEOS_DEPLOYMENT_TARGET = 8.0;
				MTL_ENABLE_DEBUG_INFO = YES;
				ONLY_ACTIVE_ARCH = YES;
				SDKROOT = iphoneos;
				TARGETED_DEVICE_FAMILY = "1,2";
			};
			name = Debug;
		};
		5803E06E1CFFD2FD002898AA /* Release */ = {
			isa = XCBuildConfiguration;
			buildSettings = {
				ALWAYS_SEARCH_USER_PATHS = NO;
				CLANG_ANALYZER_NONNULL = YES;
				CLANG_CXX_LANGUAGE_STANDARD = "gnu++0x";
				CLANG_CXX_LIBRARY = "libc++";
				CLANG_ENABLE_MODULES = YES;
				CLANG_ENABLE_OBJC_ARC = YES;
				CLANG_WARN_BOOL_CONVERSION = YES;
				CLANG_WARN_CONSTANT_CONVERSION = YES;
				CLANG_WARN_DIRECT_OBJC_ISA_USAGE = YES_ERROR;
				CLANG_WARN_EMPTY_BODY = YES;
				CLANG_WARN_ENUM_CONVERSION = YES;
				CLANG_WARN_INT_CONVERSION = YES;
				CLANG_WARN_OBJC_ROOT_CLASS = YES_ERROR;
				CLANG_WARN_UNREACHABLE_CODE = YES;
				CLANG_WARN__DUPLICATE_METHOD_MATCH = YES;
				"CODE_SIGN_IDENTITY[sdk=iphoneos*]" = "iPhone Developer";
				COPY_PHASE_STRIP = NO;
				DEBUG_INFORMATION_FORMAT = "dwarf-with-dsym";
				ENABLE_NS_ASSERTIONS = NO;
				ENABLE_STRICT_OBJC_MSGSEND = YES;
				GCC_C_LANGUAGE_STANDARD = gnu99;
				GCC_NO_COMMON_BLOCKS = YES;
				GCC_WARN_64_TO_32_BIT_CONVERSION = YES;
				GCC_WARN_ABOUT_RETURN_TYPE = YES_ERROR;
				GCC_WARN_UNDECLARED_SELECTOR = YES;
				GCC_WARN_UNINITIALIZED_AUTOS = YES_AGGRESSIVE;
				GCC_WARN_UNUSED_FUNCTION = YES;
				GCC_WARN_UNUSED_VARIABLE = YES;
				IPHONEOS_DEPLOYMENT_TARGET = 8.0;
				MTL_ENABLE_DEBUG_INFO = NO;
				SDKROOT = iphoneos;
				TARGETED_DEVICE_FAMILY = "1,2";
				VALIDATE_PRODUCT = YES;
			};
			name = Release;
		};
		5803E0701CFFD2FD002898AA /* Debug */ = {
			isa = XCBuildConfiguration;
			buildSettings = {
				ASSETCATALOG_COMPILER_APPICON_NAME = AppIcon;
				INFOPLIST_FILE = DYHMultiLevelMenu/Info.plist;
				LD_RUNPATH_SEARCH_PATHS = "$(inherited) @executable_path/Frameworks";
				PRODUCT_BUNDLE_IDENTIFIER = com.gzleihou.DYHMultiLevelMenu;
				PRODUCT_NAME = "$(TARGET_NAME)";
			};
			name = Debug;
		};
		5803E0711CFFD2FD002898AA /* Release */ = {
			isa = XCBuildConfiguration;
			buildSettings = {
				ASSETCATALOG_COMPILER_APPICON_NAME = AppIcon;
				INFOPLIST_FILE = DYHMultiLevelMenu/Info.plist;
				LD_RUNPATH_SEARCH_PATHS = "$(inherited) @executable_path/Frameworks";
				PRODUCT_BUNDLE_IDENTIFIER = com.gzleihou.DYHMultiLevelMenu;
				PRODUCT_NAME = "$(TARGET_NAME)";
			};
			name = Release;
		};
/* End XCBuildConfiguration section */

/* Begin XCConfigurationList section */
		5803E0531CFFD2FD002898AA /* Build configuration list for PBXProject "DYHMultiLevelMenu" */ = {
			isa = XCConfigurationList;
			buildConfigurations = (
				5803E06D1CFFD2FD002898AA /* Debug */,
				5803E06E1CFFD2FD002898AA /* Release */,
			);
			defaultConfigurationIsVisible = 0;
			defaultConfigurationName = Release;
		};
		5803E06F1CFFD2FD002898AA /* Build configuration list for PBXNativeTarget "DYHMultiLevelMenu" */ = {
			isa = XCConfigurationList;
			buildConfigurations = (
				5803E0701CFFD2FD002898AA /* Debug */,
				5803E0711CFFD2FD002898AA /* Release */,
			);
			defaultConfigurationIsVisible = 0;
		};
/* End XCConfigurationList section */
	};
	rootObject = 5803E0501CFFD2FD002898AA /* Project object */;
}
